{
  "name": "vite",
  "version": "1.0.0",
  "lockfileVersion": 2,
  "requires": true,
  "packages": {
    "": {
      "name": "vite",
      "version": "1.0.0",
      "license": "ISC",
      "devDependencies": {
        "vite": "^2.0.0-beta.65"
      }
    },
    "node_modules/_colorette@1.2.2@colorette": {
      "name": "colorette",
      "version": "1.2.2",
      "dev": true,
      "license": "MIT"
    },
    "node_modules/_esbuild@0.11.23@esbuild": {
      "name": "esbuild",
      "version": "0.11.23",
      "dev": true,
      "hasInstallScript": true,
      "license": "MIT",
      "bin": {
        "esbuild": "bin/esbuild"
      }
    },
    "node_modules/_fsevents@2.3.2@fsevents": {
      "name": "fsevents",
      "version": "2.3.2",
      "dev": true,
      "license": "MIT",
      "optional": true,
      "os": [
        "darwin"
      ],
      "engines": {
        "node": "^8.16.0 || ^10.6.0 || >=11.0.0"
      }
    },
    "node_modules/_function-bind@1.1.1@function-bind": {
      "name": "function-bind",
      "version": "1.1.1",
      "dev": true,
      "license": "MIT"
    },
    "node_modules/_has@1.0.3@has": {
      "name": "has",
      "version": "1.0.3",
      "dev": true,
      "license": "MIT",
      "dependencies": {
        "function-bind": "^1.1.1"
      },
      "engines": {
        "node": ">= 0.4.0"
      }
    },
    "node_modules/_has@1.0.3@has/node_modules/function-bind": {
      "resolved": "node_modules/_function-bind@1.1.1@function-bind",
      "link": true
    },
    "node_modules/_is-core-module@2.4.0@is-core-module": {
      "name": "is-core-module",
      "version": "2.4.0",
      "dev": true,
      "license": "MIT",
      "dependencies": {
        "has": "^1.0.3"
      },
      "funding": {
        "url": "https://github.com/sponsors/ljharb"
      }
    },
    "node_modules/_is-core-module@2.4.0@is-core-module/node_modules/has": {
      "resolved": "node_modules/_has@1.0.3@has",
      "link": true
    },
    "node_modules/_nanoid@3.1.23@nanoid": {
      "name": "nanoid",
      "version": "3.1.23",
      "dev": true,
      "license": "MIT",
      "bin": {
        "nanoid": "bin/nanoid.cjs"
      },
      "engines": {
        "node": "^10 || ^12 || ^13.7 || ^14 || >=15.0.1"
      }
    },
    "node_modules/_path-parse@1.0.6@path-parse": {
      "name": "path-parse",
      "version": "1.0.6",
      "dev": true,
      "license": "MIT"
    },
    "node_modules/_postcss@8.2.15@postcss": {
      "name": "postcss",
      "version": "8.2.15",
      "dev": true,
      "license": "MIT",
      "dependencies": {
        "colorette": "^1.2.2",
        "nanoid": "^3.1.23",
        "source-map": "^0.6.1"
      },
      "engines": {
        "node": "^10 || ^12 || >=14"
      },
      "funding": {
        "type": "opencollective",
        "url": "https://opencollective.com/postcss/"
      }
    },
    "node_modules/_postcss@8.2.15@postcss/node_modules/colorette": {
      "resolved": "node_modules/_colorette@1.2.2@colorette",
      "link": true
    },
    "node_modules/_postcss@8.2.15@postcss/node_modules/nanoid": {
      "resolved": "node_modules/_nanoid@3.1.23@nanoid",
      "link": true
    },
    "node_modules/_postcss@8.2.15@postcss/node_modules/source-map": {
      "resolved": "node_modules/_source-map@0.6.1@source-map",
      "link": true
    },
    "node_modules/_resolve@1.20.0@resolve": {
      "name": "resolve",
      "version": "1.20.0",
      "dev": true,
      "license": "MIT",
      "dependencies": {
        "is-core-module": "^2.2.0",
        "path-parse": "^1.0.6"
      },
      "funding": {
        "url": "https://github.com/sponsors/ljharb"
      }
    },
    "node_modules/_resolve@1.20.0@resolve/node_modules/is-core-module": {
      "resolved": "node_modules/_is-core-module@2.4.0@is-core-module",
      "link": true
    },
    "node_modules/_resolve@1.20.0@resolve/node_modules/path-parse": {
      "resolved": "node_modules/_path-parse@1.0.6@path-parse",
      "link": true
    },
    "node_modules/_rollup@2.48.0@rollup": {
      "name": "rollup",
      "version": "2.48.0",
      "dev": true,
      "license": "MIT",
      "bin": {
        "rollup": "dist/bin/rollup"
      },
      "engines": {
        "node": ">=10.0.0"
      },
      "optionalDependencies": {
        "fsevents": "~2.3.1"
      }
    },
    "node_modules/_rollup@2.48.0@rollup/node_modules/fsevents": {
      "resolved": "node_modules/_fsevents@2.3.2@fsevents",
      "link": true
    },
    "node_modules/_source-map@0.6.1@source-map": {
      "name": "source-map",
      "version": "0.6.1",
      "dev": true,
      "license": "BSD-3-Clause",
      "engines": {
        "node": ">=0.10.0"
      }
    },
    "node_modules/_vite@2.3.3@vite": {
      "name": "vite",
      "version": "2.3.3",
      "dev": true,
      "license": "MIT",
      "dependencies": {
        "esbuild": "^0.11.23",
        "postcss": "^8.2.10",
        "resolve": "^1.19.0",
        "rollup": "^2.38.5"
      },
      "bin": {
        "vite": "bin/vite.js"
      },
      "engines": {
        "node": ">=12.0.0"
      },
      "optionalDependencies": {
        "fsevents": "~2.3.1"
      }
    },
    "node_modules/_vite@2.3.3@vite/node_modules/esbuild": {
      "resolved": "node_modules/_esbuild@0.11.23@esbuild",
      "link": true
    },
    "node_modules/_vite@2.3.3@vite/node_modules/postcss": {
      "resolved": "node_modules/_postcss@8.2.15@postcss",
      "link": true
    },
    "node_modules/_vite@2.3.3@vite/node_modules/resolve": {
      "resolved": "node_modules/_resolve@1.20.0@resolve",
      "link": true
    },
    "node_modules/_vite@2.3.3@vite/node_modules/rollup": {
      "resolved": "node_modules/_rollup@2.48.0@rollup",
      "link": true
    },
    "node_modules/fsevents": {
      "resolved": "node_modules/_fsevents@2.3.2@fsevents",
      "link": true
    },
    "node_modules/vite": {
      "resolved": "node_modules/_vite@2.3.3@vite",
      "link": true
    }
  },
  "dependencies": {
    "_colorette@1.2.2@colorette": {
      "version": "npm:colorette@1.2.2",
      "dev": true
    },
    "_esbuild@0.11.23@esbuild": {
      "version": "npm:esbuild@0.11.23",
      "dev": true
    },
    "_fsevents@2.3.2@fsevents": {
      "version": "npm:fsevents@2.3.2",
      "dev": true,
      "optional": true
    },
    "_function-bind@1.1.1@function-bind": {
      "version": "npm:function-bind@1.1.1",
      "dev": true
    },
    "_has@1.0.3@has": {
      "version": "npm:has@1.0.3",
      "dev": true,
      "requires": {
        "function-bind": "^1.1.1"
      },
      "dependencies": {
        "function-bind": {
          "version": "file:node_modules/_function-bind@1.1.1@function-bind"
        }
      }
    },
    "_is-core-module@2.4.0@is-core-module": {
      "version": "npm:is-core-module@2.4.0",
      "dev": true,
      "requires": {
        "has": "^1.0.3"
      },
      "dependencies": {
        "has": {
          "version": "file:node_modules/_has@1.0.3@has",
          "requires": {
            "function-bind": "^1.1.1"
          },
          "dependencies": {
            "function-bind": {
              "version": "file:node_modules/_function-bind@1.1.1@function-bind"
            }
          }
        }
      }
    },
    "_nanoid@3.1.23@nanoid": {
      "version": "npm:nanoid@3.1.23",
      "dev": true
    },
    "_path-parse@1.0.6@path-parse": {
      "version": "npm:path-parse@1.0.6",
      "dev": true
    },
    "_postcss@8.2.15@postcss": {
      "version": "npm:postcss@8.2.15",
      "dev": true,
      "requires": {
        "colorette": "^1.2.2",
        "nanoid": "^3.1.23",
        "source-map": "^0.6.1"
      },
      "dependencies": {
        "colorette": {
          "version": "file:node_modules/_colorette@1.2.2@colorette"
        },
        "nanoid": {
          "version": "file:node_modules/_nanoid@3.1.23@nanoid"
        },
        "source-map": {
          "version": "file:node_modules/_source-map@0.6.1@source-map"
        }
      }
    },
    "_resolve@1.20.0@resolve": {
      "version": "npm:resolve@1.20.0",
      "dev": true,
      "requires": {
        "is-core-module": "^2.2.0",
        "path-parse": "^1.0.6"
      },
      "dependencies": {
        "is-core-module": {
          "version": "file:node_modules/_is-core-module@2.4.0@is-core-module",
          "requires": {
            "has": "^1.0.3"
          },
          "dependencies": {
            "has": {
              "version": "file:node_modules/_has@1.0.3@has",
              "requires": {
                "function-bind": "^1.1.1"
              },
              "dependencies": {
                "function-bind": {
                  "version": "file:node_modules/_function-bind@1.1.1@function-bind"
                }
              }
            }
          }
        },
        "path-parse": {
          "version": "file:node_modules/_path-parse@1.0.6@path-parse"
        }
      }
    },
    "_rollup@2.48.0@rollup": {
      "version": "npm:rollup@2.48.0",
      "dev": true,
      "requires": {
        "fsevents": "~2.3.1"
      },
      "dependencies": {
        "fsevents": {
          "version": "file:node_modules/_fsevents@2.3.2@fsevents"
        }
      }
    },
    "_source-map@0.6.1@source-map": {
      "version": "npm:source-map@0.6.1",
      "dev": true
    },
    "_vite@2.3.3@vite": {
      "version": "npm:vite@2.3.3",
      "dev": true,
      "requires": {
        "esbuild": "^0.11.23",
        "fsevents": "~2.3.1",
        "postcss": "^8.2.10",
        "resolve": "^1.19.0",
        "rollup": "^2.38.5"
      },
      "dependencies": {
        "esbuild": {
          "version": "file:node_modules/_esbuild@0.11.23@esbuild"
        },
        "postcss": {
          "version": "file:node_modules/_postcss@8.2.15@postcss",
          "requires": {
            "colorette": "^1.2.2",
            "nanoid": "^3.1.23",
            "source-map": "^0.6.1"
          },
          "dependencies": {
            "colorette": {
              "version": "file:node_modules/_colorette@1.2.2@colorette"
            },
            "nanoid": {
              "version": "file:node_modules/_nanoid@3.1.23@nanoid"
            },
            "source-map": {
              "version": "file:node_modules/_source-map@0.6.1@source-map"
            }
          }
        },
        "resolve": {
          "version": "file:node_modules/_resolve@1.20.0@resolve",
          "requires": {
            "is-core-module": "^2.2.0",
            "path-parse": "^1.0.6"
          },
          "dependencies": {
            "is-core-module": {
              "version": "file:node_modules/_is-core-module@2.4.0@is-core-module",
              "requires": {
                "has": "^1.0.3"
              },
              "dependencies": {
                "has": {
                  "version": "file:node_modules/_has@1.0.3@has",
                  "requires": {
                    "function-bind": "^1.1.1"
                  },
                  "dependencies": {
                    "function-bind": {
                      "version": "file:node_modules/_function-bind@1.1.1@function-bind"
                    }
                  }
                }
              }
            },
            "path-parse": {
              "version": "file:node_modules/_path-parse@1.0.6@path-parse"
            }
          }
        },
        "rollup": {
          "version": "file:node_modules/_rollup@2.48.0@rollup",
          "requires": {
            "fsevents": "~2.3.1"
          },
          "dependencies": {
            "fsevents": {
              "version": "file:node_modules/_fsevents@2.3.2@fsevents"
            }
          }
        }
      }
    },
    "fsevents": {
      "version": "file:node_modules/_fsevents@2.3.2@fsevents"
    },
    "vite": {
      "version": "file:node_modules/_vite@2.3.3@vite",
      "requires": {
        "esbuild": "^0.11.23",
        "fsevents": "~2.3.1",
        "postcss": "^8.2.10",
        "resolve": "^1.19.0",
        "rollup": "^2.38.5"
      },
      "dependencies": {
        "esbuild": {
          "version": "file:node_modules/_esbuild@0.11.23@esbuild"
        },
        "postcss": {
          "version": "file:node_modules/_postcss@8.2.15@postcss",
          "requires": {
            "colorette": "^1.2.2",
            "nanoid": "^3.1.23",
            "source-map": "^0.6.1"
          },
          "dependencies": {
            "colorette": {
              "version": "file:node_modules/_colorette@1.2.2@colorette"
            },
            "nanoid": {
              "version": "file:node_modules/_nanoid@3.1.23@nanoid"
            },
            "source-map": {
              "version": "file:node_modules/_source-map@0.6.1@source-map"
            }
          }
        },
        "resolve": {
          "version": "file:node_modules/_resolve@1.20.0@resolve",
          "requires": {
            "is-core-module": "^2.2.0",
            "path-parse": "^1.0.6"
          },
          "dependencies": {
            "is-core-module": {
              "version": "file:node_modules/_is-core-module@2.4.0@is-core-module",
              "requires": {
                "has": "^1.0.3"
              },
              "dependencies": {
                "has": {
                  "version": "file:node_modules/_has@1.0.3@has",
                  "requires": {
                    "function-bind": "^1.1.1"
                  },
                  "dependencies": {
                    "function-bind": {
                      "version": "file:node_modules/_function-bind@1.1.1@function-bind"
                    }
                  }
                }
              }
            },
            "path-parse": {
              "version": "file:node_modules/_path-parse@1.0.6@path-parse"
            }
          }
        },
        "rollup": {
          "version": "file:node_modules/_rollup@2.48.0@rollup",
          "requires": {
            "fsevents": "~2.3.1"
          },
          "dependencies": {
            "fsevents": {
              "version": "file:node_modules/_fsevents@2.3.2@fsevents"
            }
          }
        }
      }
    }
  }
}
